
Microsoft Visual Studio Solution File, Format Version 12.00
# Visual Studio Version 17
VisualStudioVersion = 17.13.35919.96
MinimumVisualStudioVersion = 10.0.40219.1
Project("{FAE04EC0-301F-11D3-BF4B-00C04F79EFBC}") = "FeatureFlag.SDK", "FeatureFlag.SDK\FeatureFlag.SDK.csproj", "{80E77D01-49CC-49C8-9896-D9B92C84C645}"
EndProject
Project("{2150E333-8FDC-42A3-9474-1A3956D46DE8}") = "Samples", "Samples", "{02EA681E-C7D8-13C7-8484-4AC65E1B71E8}"
EndProject
Project("{FAE04EC0-301F-11D3-BF4B-00C04F79EFBC}") = "Sample.Api", "Sample.Api\Sample.Api.csproj", "{F8462819-2D03-4CDD-A0DA-1B47DB8231C7}"
EndProject
Global
	GlobalSection(SolutionConfigurationPlatforms) = preSolution
		Debug|Any CPU = Debug|Any CPU
		Release|Any CPU = Release|Any CPU
	EndGlobalSection
	GlobalSection(ProjectConfigurationPlatforms) = postSolution
		{80E77D01-49CC-49C8-9896-D9B92C84C645}.Debug|Any CPU.ActiveCfg = Debug|Any CPU
		{80E77D01-49CC-49C8-9896-D9B92C84C645}.Debug|Any CPU.Build.0 = Debug|Any CPU
		{80E77D01-49CC-49C8-9896-D9B92C84C645}.Release|Any CPU.ActiveCfg = Release|Any CPU
		{80E77D01-49CC-49C8-9896-D9B92C84C645}.Release|Any CPU.Build.0 = Release|Any CPU
		{F8462819-2D03-4CDD-A0DA-1B47DB8231C7}.Debug|Any CPU.ActiveCfg = Debug|Any CPU
		{F8462819-2D03-4CDD-A0DA-1B47DB8231C7}.Debug|Any CPU.Build.0 = Debug|Any CPU
		{F8462819-2D03-4CDD-A0DA-1B47DB8231C7}.Release|Any CPU.ActiveCfg = Release|Any CPU
		{F8462819-2D03-4CDD-A0DA-1B47DB8231C7}.Release|Any CPU.Build.0 = Release|Any CPU
	EndGlobalSection
	GlobalSection(SolutionProperties) = preSolution
		HideSolutionNode = FALSE
	EndGlobalSection
	GlobalSection(NestedProjects) = preSolution
		{F8462819-2D03-4CDD-A0DA-1B47DB8231C7} = {02EA681E-C7D8-13C7-8484-4AC65E1B71E8}
	EndGlobalSection
	GlobalSection(ExtensibilityGlobals) = postSolution
		SolutionGuid = {456D7A64-2666-41E9-82C8-CB9080F15548}
	EndGlobalSection
EndGlobal
